
Microsoft Visual Studio Solution File, Format Version 12.00
# Visual Studio Version 16
VisualStudioVersion = 16.0.31829.152
MinimumVisualStudioVersion = 10.0.40219.1
Project("{2150E333-8FDC-42A3-9474-1A3956D46DE8}") = "WriteModel", "WriteModel", "{3412FC29-11EC-4762-8A87-072E9EAE3AED}"
EndProject
Project("{2150E333-8FDC-42A3-9474-1A3956D46DE8}") = "ReadModel", "ReadModel", "{94022B98-8424-44F5-ABF9-BFB292E48E6A}"
EndProject
Project("{2150E333-8FDC-42A3-9474-1A3956D46DE8}") = "Framework", "Framework", "{CE584956-AB41-4288-A926-DAA98091FEC2}"
EndProject
Project("{2150E333-8FDC-42A3-9474-1A3956D46DE8}") = "CustomerContext", "CustomerContext", "{DA4DAB7E-A0C2-4FA8-B5A4-F3BA28A7825A}"
EndProject
Project("{2150E333-8FDC-42A3-9474-1A3956D46DE8}") = "Domain", "Domain", "{4C71F734-14B5-44DD-94A6-F03F6974561D}"
EndProject
Project("{FAE04EC0-301F-11D3-BF4B-00C04F79EFBC}") = "shoniz.shop.CustomerContext.Domain", "shoniz.shop.CustomerContext.Domain\shoniz.shop.CustomerContext.Domain.csproj", "{1F9A6A07-837D-451D-A68D-4D6D52C913EE}"
EndProject
Project("{FAE04EC0-301F-11D3-BF4B-00C04F79EFBC}") = "shoniz.Framework.Domain", "shoniz.Framework.Domain\shoniz.Framework.Domain.csproj", "{D7685446-EFD6-45E9-A0A4-8BBE3C6505D8}"
EndProject
Project("{FAE04EC0-301F-11D3-BF4B-00C04F79EFBC}") = "shoniz.shop.CustomerContext.Resources", "shoniz.shop.CustomerContext.Resources\shoniz.shop.CustomerContext.Resources.csproj", "{12515803-2EBB-409B-8F74-AE969A713DB5}"
EndProject
Project("{FAE04EC0-301F-11D3-BF4B-00C04F79EFBC}") = "shoniz.Framework.Security", "shoniz.Framework.Security\shoniz.Framework.Security.csproj", "{A6EC4A72-5412-4839-A8AA-C1971497B896}"
EndProject
Project("{FAE04EC0-301F-11D3-BF4B-00C04F79EFBC}") = "shoniz.Framework.Core", "shoniz.Framework.Core\shoniz.Framework.Core.csproj", "{CBE9861E-4A61-48DF-9F94-570EBDA530C0}"
EndProject
Project("{2150E333-8FDC-42A3-9474-1A3956D46DE8}") = "ApplicationService", "ApplicationService", "{86C99DD9-08F0-4CE8-80C7-C3D2070572FB}"
EndProject
Project("{FAE04EC0-301F-11D3-BF4B-00C04F79EFBC}") = "shoniz.shop.CustomerContext.Application", "shoniz.shop.CustomerContext.ApplicationService\shoniz.shop.CustomerContext.Application.csproj", "{8C947FFD-97C3-48F1-9F5F-1FA1A4BA3436}"
EndProject
Project("{FAE04EC0-301F-11D3-BF4B-00C04F79EFBC}") = "shoniz.shop.CustomerContext.Application.Contracts", "shoniz.shop.CustomerContext.ApplicationService.Contracts\shoniz.shop.CustomerContext.Application.Contracts.csproj", "{25157E82-583D-49DF-9E95-9AB284CA2202}"
EndProject
Project("{FAE04EC0-301F-11D3-BF4B-00C04F79EFBC}") = "shoniz.Framework.Application", "Shoniz.Framework.ApplicationService\shoniz.Framework.Application.csproj", "{5BA8ABF6-B103-49D6-BB51-67945F652AD8}"
EndProject
Project("{FAE04EC0-301F-11D3-BF4B-00C04F79EFBC}") = "shoniz.Framework.DependencyInjection", "shoniz.Framework.DependencyInjection\shoniz.Framework.DependencyInjection.csproj", "{9ADA1E31-F8D8-4E42-A43C-BC388F635F75}"
EndProject
Project("{2150E333-8FDC-42A3-9474-1A3956D46DE8}") = "Facade", "Facade", "{DD3551BB-617B-49B0-8305-B091FF378913}"
EndProject
Project("{FAE04EC0-301F-11D3-BF4B-00C04F79EFBC}") = "shoniz.shop.CustomerContext.Facade", "shoniz.shop.CustomerContext.Facade\shoniz.shop.CustomerContext.Facade.csproj", "{2BF56A97-B5C9-44E8-B33D-9C3A2BE100B5}"
EndProject
Project("{FAE04EC0-301F-11D3-BF4B-00C04F79EFBC}") = "shoniz.Framework.Facade", "shoniz.Framework.Facade\shoniz.Framework.Facade.csproj", "{621F2CBD-57E5-48DF-BBD7-235831E6A5CE}"
EndProject
Project("{FAE04EC0-301F-11D3-BF4B-00C04F79EFBC}") = "shoniz.shop.CustomerContext.Facade.Contracts", "shoniz.shop.CustomerContext.Facade.Contracts\shoniz.shop.CustomerContext.Facade.Contracts.csproj", "{5A0575C5-1C8F-4615-B1AD-D6E5854074DB}"
EndProject
Project("{FAE04EC0-301F-11D3-BF4B-00C04F79EFBC}") = "shoniz.Shop.CustomerContext.Configuration", "shoniz.Shop.CustomerContext.Configuration\shoniz.Shop.CustomerContext.Configuration.csproj", "{B94B8A3A-BF21-4325-BD2A-02AF87C8AC51}"
EndProject
Project("{FAE04EC0-301F-11D3-BF4B-00C04F79EFBC}") = "shoniz.shop.CustomerContext.Domain.Services", "shoniz.shop.CustomerContext.Domain.Services\shoniz.shop.CustomerContext.Domain.Services.csproj", "{323F7E86-EDA2-44A7-A32A-82E2B6C27240}"
EndProject
Global
	GlobalSection(SolutionConfigurationPlatforms) = preSolution
		Debug|Any CPU = Debug|Any CPU
		Release|Any CPU = Release|Any CPU
	EndGlobalSection
	GlobalSection(ProjectConfigurationPlatforms) = postSolution
		{1F9A6A07-837D-451D-A68D-4D6D52C913EE}.Debug|Any CPU.ActiveCfg = Debug|Any CPU
		{1F9A6A07-837D-451D-A68D-4D6D52C913EE}.Debug|Any CPU.Build.0 = Debug|Any CPU
		{1F9A6A07-837D-451D-A68D-4D6D52C913EE}.Release|Any CPU.ActiveCfg = Release|Any CPU
		{1F9A6A07-837D-451D-A68D-4D6D52C913EE}.Release|Any CPU.Build.0 = Release|Any CPU
		{D7685446-EFD6-45E9-A0A4-8BBE3C6505D8}.Debug|Any CPU.ActiveCfg = Debug|Any CPU
		{D7685446-EFD6-45E9-A0A4-8BBE3C6505D8}.Debug|Any CPU.Build.0 = Debug|Any CPU
		{D7685446-EFD6-45E9-A0A4-8BBE3C6505D8}.Release|Any CPU.ActiveCfg = Release|Any CPU
		{D7685446-EFD6-45E9-A0A4-8BBE3C6505D8}.Release|Any CPU.Build.0 = Release|Any CPU
		{12515803-2EBB-409B-8F74-AE969A713DB5}.Debug|Any CPU.ActiveCfg = Debug|Any CPU
		{12515803-2EBB-409B-8F74-AE969A713DB5}.Debug|Any CPU.Build.0 = Debug|Any CPU
		{12515803-2EBB-409B-8F74-AE969A713DB5}.Release|Any CPU.ActiveCfg = Release|Any CPU
		{12515803-2EBB-409B-8F74-AE969A713DB5}.Release|Any CPU.Build.0 = Release|Any CPU
		{A6EC4A72-5412-4839-A8AA-C1971497B896}.Debug|Any CPU.ActiveCfg = Debug|Any CPU
		{A6EC4A72-5412-4839-A8AA-C1971497B896}.Debug|Any CPU.Build.0 = Debug|Any CPU
		{A6EC4A72-5412-4839-A8AA-C1971497B896}.Release|Any CPU.ActiveCfg = Release|Any CPU
		{A6EC4A72-5412-4839-A8AA-C1971497B896}.Release|Any CPU.Build.0 = Release|Any CPU
		{CBE9861E-4A61-48DF-9F94-570EBDA530C0}.Debug|Any CPU.ActiveCfg = Debug|Any CPU
		{CBE9861E-4A61-48DF-9F94-570EBDA530C0}.Debug|Any CPU.Build.0 = Debug|Any CPU
		{CBE9861E-4A61-48DF-9F94-570EBDA530C0}.Release|Any CPU.ActiveCfg = Release|Any CPU
		{CBE9861E-4A61-48DF-9F94-570EBDA530C0}.Release|Any CPU.Build.0 = Release|Any CPU
		{8C947FFD-97C3-48F1-9F5F-1FA1A4BA3436}.Debug|Any CPU.ActiveCfg = Debug|Any CPU
		{8C947FFD-97C3-48F1-9F5F-1FA1A4BA3436}.Debug|Any CPU.Build.0 = Debug|Any CPU
		{8C947FFD-97C3-48F1-9F5F-1FA1A4BA3436}.Release|Any CPU.ActiveCfg = Release|Any CPU
		{8C947FFD-97C3-48F1-9F5F-1FA1A4BA3436}.Release|Any CPU.Build.0 = Release|Any CPU
		{25157E82-583D-49DF-9E95-9AB284CA2202}.Debug|Any CPU.ActiveCfg = Debug|Any CPU
		{25157E82-583D-49DF-9E95-9AB284CA2202}.Debug|Any CPU.Build.0 = Debug|Any CPU
		{25157E82-583D-49DF-9E95-9AB284CA2202}.Release|Any CPU.ActiveCfg = Release|Any CPU
		{25157E82-583D-49DF-9E95-9AB284CA2202}.Release|Any CPU.Build.0 = Release|Any CPU
		{5BA8ABF6-B103-49D6-BB51-67945F652AD8}.Debug|Any CPU.ActiveCfg = Debug|Any CPU
		{5BA8ABF6-B103-49D6-BB51-67945F652AD8}.Debug|Any CPU.Build.0 = Debug|Any CPU
		{5BA8ABF6-B103-49D6-BB51-67945F652AD8}.Release|Any CPU.ActiveCfg = Release|Any CPU
		{5BA8ABF6-B103-49D6-BB51-67945F652AD8}.Release|Any CPU.Build.0 = Release|Any CPU
		{9ADA1E31-F8D8-4E42-A43C-BC388F635F75}.Debug|Any CPU.ActiveCfg = Debug|Any CPU
		{9ADA1E31-F8D8-4E42-A43C-BC388F635F75}.Debug|Any CPU.Build.0 = Debug|Any CPU
		{9ADA1E31-F8D8-4E42-A43C-BC388F635F75}.Release|Any CPU.ActiveCfg = Release|Any CPU
		{9ADA1E31-F8D8-4E42-A43C-BC388F635F75}.Release|Any CPU.Build.0 = Release|Any CPU
		{2BF56A97-B5C9-44E8-B33D-9C3A2BE100B5}.Debug|Any CPU.ActiveCfg = Debug|Any CPU
		{2BF56A97-B5C9-44E8-B33D-9C3A2BE100B5}.Debug|Any CPU.Build.0 = Debug|Any CPU
		{2BF56A97-B5C9-44E8-B33D-9C3A2BE100B5}.Release|Any CPU.ActiveCfg = Release|Any CPU
		{2BF56A97-B5C9-44E8-B33D-9C3A2BE100B5}.Release|Any CPU.Build.0 = Release|Any CPU
		{621F2CBD-57E5-48DF-BBD7-235831E6A5CE}.Debug|Any CPU.ActiveCfg = Debug|Any CPU
		{621F2CBD-57E5-48DF-BBD7-235831E6A5CE}.Debug|Any CPU.Build.0 = Debug|Any CPU
		{621F2CBD-57E5-48DF-BBD7-235831E6A5CE}.Release|Any CPU.ActiveCfg = Release|Any CPU
		{621F2CBD-57E5-48DF-BBD7-235831E6A5CE}.Release|Any CPU.Build.0 = Release|Any CPU
		{5A0575C5-1C8F-4615-B1AD-D6E5854074DB}.Debug|Any CPU.ActiveCfg = Debug|Any CPU
		{5A0575C5-1C8F-4615-B1AD-D6E5854074DB}.Debug|Any CPU.Build.0 = Debug|Any CPU
		{5A0575C5-1C8F-4615-B1AD-D6E5854074DB}.Release|Any CPU.ActiveCfg = Release|Any CPU
		{5A0575C5-1C8F-4615-B1AD-D6E5854074DB}.Release|Any CPU.Build.0 = Release|Any CPU
		{B94B8A3A-BF21-4325-BD2A-02AF87C8AC51}.Debug|Any CPU.ActiveCfg = Debug|Any CPU
		{B94B8A3A-BF21-4325-BD2A-02AF87C8AC51}.Debug|Any CPU.Build.0 = Debug|Any CPU
		{B94B8A3A-BF21-4325-BD2A-02AF87C8AC51}.Release|Any CPU.ActiveCfg = Release|Any CPU
		{B94B8A3A-BF21-4325-BD2A-02AF87C8AC51}.Release|Any CPU.Build.0 = Release|Any CPU
		{323F7E86-EDA2-44A7-A32A-82E2B6C27240}.Debug|Any CPU.ActiveCfg = Debug|Any CPU
		{323F7E86-EDA2-44A7-A32A-82E2B6C27240}.Debug|Any CPU.Build.0 = Debug|Any CPU
		{323F7E86-EDA2-44A7-A32A-82E2B6C27240}.Release|Any CPU.ActiveCfg = Release|Any CPU
		{323F7E86-EDA2-44A7-A32A-82E2B6C27240}.Release|Any CPU.Build.0 = Release|Any CPU
	EndGlobalSection
	GlobalSection(SolutionProperties) = preSolution
		HideSolutionNode = FALSE
	EndGlobalSection
	GlobalSection(NestedProjects) = preSolution
		{DA4DAB7E-A0C2-4FA8-B5A4-F3BA28A7825A} = {3412FC29-11EC-4762-8A87-072E9EAE3AED}
		{4C71F734-14B5-44DD-94A6-F03F6974561D} = {DA4DAB7E-A0C2-4FA8-B5A4-F3BA28A7825A}
		{1F9A6A07-837D-451D-A68D-4D6D52C913EE} = {4C71F734-14B5-44DD-94A6-F03F6974561D}
		{D7685446-EFD6-45E9-A0A4-8BBE3C6505D8} = {CE584956-AB41-4288-A926-DAA98091FEC2}
		{12515803-2EBB-409B-8F74-AE969A713DB5} = {DA4DAB7E-A0C2-4FA8-B5A4-F3BA28A7825A}
		{A6EC4A72-5412-4839-A8AA-C1971497B896} = {CE584956-AB41-4288-A926-DAA98091FEC2}
		{CBE9861E-4A61-48DF-9F94-570EBDA530C0} = {CE584956-AB41-4288-A926-DAA98091FEC2}
		{86C99DD9-08F0-4CE8-80C7-C3D2070572FB} = {DA4DAB7E-A0C2-4FA8-B5A4-F3BA28A7825A}
		{8C947FFD-97C3-48F1-9F5F-1FA1A4BA3436} = {86C99DD9-08F0-4CE8-80C7-C3D2070572FB}
		{25157E82-583D-49DF-9E95-9AB284CA2202} = {86C99DD9-08F0-4CE8-80C7-C3D2070572FB}
		{5BA8ABF6-B103-49D6-BB51-67945F652AD8} = {CE584956-AB41-4288-A926-DAA98091FEC2}
		{9ADA1E31-F8D8-4E42-A43C-BC388F635F75} = {CE584956-AB41-4288-A926-DAA98091FEC2}
		{DD3551BB-617B-49B0-8305-B091FF378913} = {DA4DAB7E-A0C2-4FA8-B5A4-F3BA28A7825A}
		{2BF56A97-B5C9-44E8-B33D-9C3A2BE100B5} = {DD3551BB-617B-49B0-8305-B091FF378913}
		{621F2CBD-57E5-48DF-BBD7-235831E6A5CE} = {CE584956-AB41-4288-A926-DAA98091FEC2}
		{5A0575C5-1C8F-4615-B1AD-D6E5854074DB} = {DD3551BB-617B-49B0-8305-B091FF378913}
		{B94B8A3A-BF21-4325-BD2A-02AF87C8AC51} = {DA4DAB7E-A0C2-4FA8-B5A4-F3BA28A7825A}
		{323F7E86-EDA2-44A7-A32A-82E2B6C27240} = {4C71F734-14B5-44DD-94A6-F03F6974561D}
	EndGlobalSection
	GlobalSection(ExtensibilityGlobals) = postSolution
		SolutionGuid = {6BACEFB5-5168-4502-A89E-078B4FC7A97A}
	EndGlobalSection
EndGlobal
